
Microsoft Visual Studio Solution File, Format Version 12.00
# Visual Studio Version 16
VisualStudioVersion = 16.0.809.10
MinimumVisualStudioVersion = 10.0.40219.1
Project("{FAE04EC0-301F-11D3-BF4B-00C04F79EFBC}") = "clicSANDLib", "clicSANDMac\clicSANDLib.csproj", "{130A3C83-00AF-4DAE-82DC-992886F23906}"
EndProject
Project("{FAE04EC0-301F-11D3-BF4B-00C04F79EFBC}") = "clicSANDMac", "clicSANDMac.Mac\clicSANDMac.csproj", "{31DC884B-C7FF-429B-A3BE-0EEF806F9D74}"
EndProject
Project("{FAE04EC0-301F-11D3-BF4B-00C04F79EFBC}") = "clicSANDMac.Wpf", "clicSANDMac.Wpf\clicSANDMac.Wpf.csproj", "{7289597B-FB4A-413E-82D6-3E2900E1CBDD}"
EndProject
Project("{FAE04EC0-301F-11D3-BF4B-00C04F79EFBC}") = "clicSANDMac.Gtk", "clicSANDMac.Gtk\clicSANDMac.Gtk.csproj", "{8F4B5175-1699-4765-BB67-3B6440DADCD0}"
EndProject
Global
	GlobalSection(SolutionConfigurationPlatforms) = preSolution
		Debug|Any CPU = Debug|Any CPU
		Release|Any CPU = Release|Any CPU
	EndGlobalSection
	GlobalSection(ProjectConfigurationPlatforms) = postSolution
		{130A3C83-00AF-4DAE-82DC-992886F23906}.Debug|Any CPU.ActiveCfg = Debug|Any CPU
		{130A3C83-00AF-4DAE-82DC-992886F23906}.Debug|Any CPU.Build.0 = Debug|Any CPU
		{130A3C83-00AF-4DAE-82DC-992886F23906}.Release|Any CPU.ActiveCfg = Release|Any CPU
		{130A3C83-00AF-4DAE-82DC-992886F23906}.Release|Any CPU.Build.0 = Release|Any CPU
		{31DC884B-C7FF-429B-A3BE-0EEF806F9D74}.Debug|Any CPU.ActiveCfg = Debug|Any CPU
		{31DC884B-C7FF-429B-A3BE-0EEF806F9D74}.Debug|Any CPU.Build.0 = Debug|Any CPU
		{31DC884B-C7FF-429B-A3BE-0EEF806F9D74}.Release|Any CPU.ActiveCfg = Release|Any CPU
		{31DC884B-C7FF-429B-A3BE-0EEF806F9D74}.Release|Any CPU.Build.0 = Release|Any CPU
		{7289597B-FB4A-413E-82D6-3E2900E1CBDD}.Debug|Any CPU.ActiveCfg = Debug|Any CPU
		{7289597B-FB4A-413E-82D6-3E2900E1CBDD}.Debug|Any CPU.Build.0 = Debug|Any CPU
		{7289597B-FB4A-413E-82D6-3E2900E1CBDD}.Release|Any CPU.ActiveCfg = Release|Any CPU
		{7289597B-FB4A-413E-82D6-3E2900E1CBDD}.Release|Any CPU.Build.0 = Release|Any CPU
		{8F4B5175-1699-4765-BB67-3B6440DADCD0}.Debug|Any CPU.ActiveCfg = Debug|Any CPU
		{8F4B5175-1699-4765-BB67-3B6440DADCD0}.Release|Any CPU.ActiveCfg = Release|Any CPU
		{8F4B5175-1699-4765-BB67-3B6440DADCD0}.Release|Any CPU.Build.0 = Release|Any CPU
	EndGlobalSection
	GlobalSection(SolutionProperties) = preSolution
		HideSolutionNode = FALSE
	EndGlobalSection
	GlobalSection(ExtensibilityGlobals) = postSolution
		SolutionGuid = {763C0B39-4A1A-4A9D-B6D5-B4529C220F3E}
	EndGlobalSection
	GlobalSection(MonoDevelopProperties) = preSolution
		Policies = $0
		$0.DotNetNamingPolicy = $1
		$1.DirectoryNamespaceAssociation = PrefixedHierarchical
	EndGlobalSection
EndGlobal
